
Microsoft Visual Studio Solution File, Format Version 12.00
# Visual Studio 14
VisualStudioVersion = 14.0.22129.1
MinimumVisualStudioVersion = 10.0.40219.1
Project("{2150E333-8FDC-42A3-9474-1A3956D46DE8}") = "SharedApp", "SharedApp", "{BA0F6426-1167-4D3B-B4E6-30D24584D351}"
EndProject
Project("{D954291E-2A0B-460D-934E-DC6B0785DB48}") = "BackKickApp.Shared", "BackKickApp\BackKickApp.Shared\BackKickApp.Shared.shproj", "{D9E1F6A9-FED0-4925-9936-FC0DC445232B}"
EndProject
Project("{262852C6-CD72-467D-83FE-5EEB1973A190}") = "BackKickApp.Windows", "BackKickApp\BackKickApp.Windows\BackKickApp.Windows.jsproj", "{B895CB74-9CEE-4F88-867C-F228B63F706B}"
EndProject
Project("{262852C6-CD72-467D-83FE-5EEB1973A190}") = "BackKickApp.WindowsPhone", "BackKickApp\BackKickApp.WindowsPhone\BackKickApp.WindowsPhone.jsproj", "{BCB9F442-C8BC-4222-97B7-7EE8900CE97E}"
EndProject
Global
	GlobalSection(SharedMSBuildProjectFiles) = preSolution
		BackKickApp\BackKickApp.Shared\BackKickApp.Shared.projitems*{b895cb74-9cee-4f88-867c-f228b63f706b}*SharedItemsImports = 5
		BackKickApp\BackKickApp.Shared\BackKickApp.Shared.projitems*{d9e1f6a9-fed0-4925-9936-fc0dc445232b}*SharedItemsImports = 13
		BackKickApp\BackKickApp.Shared\BackKickApp.Shared.projitems*{bcb9f442-c8bc-4222-97b7-7ee8900ce97e}*SharedItemsImports = 5
	EndGlobalSection
	GlobalSection(SolutionConfigurationPlatforms) = preSolution
		Debug|Any CPU = Debug|Any CPU
		Debug|ARM = Debug|ARM
		Debug|x64 = Debug|x64
		Debug|x86 = Debug|x86
		Release|Any CPU = Release|Any CPU
		Release|ARM = Release|ARM
		Release|x64 = Release|x64
		Release|x86 = Release|x86
	EndGlobalSection
	GlobalSection(ProjectConfigurationPlatforms) = postSolution
		{B895CB74-9CEE-4F88-867C-F228B63F706B}.Debug|Any CPU.ActiveCfg = Debug|Any CPU
		{B895CB74-9CEE-4F88-867C-F228B63F706B}.Debug|Any CPU.Build.0 = Debug|Any CPU
		{B895CB74-9CEE-4F88-867C-F228B63F706B}.Debug|Any CPU.Deploy.0 = Debug|Any CPU
		{B895CB74-9CEE-4F88-867C-F228B63F706B}.Debug|ARM.ActiveCfg = Debug|ARM
		{B895CB74-9CEE-4F88-867C-F228B63F706B}.Debug|ARM.Build.0 = Debug|ARM
		{B895CB74-9CEE-4F88-867C-F228B63F706B}.Debug|ARM.Deploy.0 = Debug|ARM
		{B895CB74-9CEE-4F88-867C-F228B63F706B}.Debug|x64.ActiveCfg = Debug|x64
		{B895CB74-9CEE-4F88-867C-F228B63F706B}.Debug|x64.Build.0 = Debug|x64
		{B895CB74-9CEE-4F88-867C-F228B63F706B}.Debug|x64.Deploy.0 = Debug|x64
		{B895CB74-9CEE-4F88-867C-F228B63F706B}.Debug|x86.ActiveCfg = Debug|x86
		{B895CB74-9CEE-4F88-867C-F228B63F706B}.Debug|x86.Build.0 = Debug|x86
		{B895CB74-9CEE-4F88-867C-F228B63F706B}.Debug|x86.Deploy.0 = Debug|x86
		{B895CB74-9CEE-4F88-867C-F228B63F706B}.Release|Any CPU.ActiveCfg = Release|Any CPU
		{B895CB74-9CEE-4F88-867C-F228B63F706B}.Release|Any CPU.Build.0 = Release|Any CPU
		{B895CB74-9CEE-4F88-867C-F228B63F706B}.Release|Any CPU.Deploy.0 = Release|Any CPU
		{B895CB74-9CEE-4F88-867C-F228B63F706B}.Release|ARM.ActiveCfg = Release|ARM
		{B895CB74-9CEE-4F88-867C-F228B63F706B}.Release|ARM.Build.0 = Release|ARM
		{B895CB74-9CEE-4F88-867C-F228B63F706B}.Release|ARM.Deploy.0 = Release|ARM
		{B895CB74-9CEE-4F88-867C-F228B63F706B}.Release|x64.ActiveCfg = Release|x64
		{B895CB74-9CEE-4F88-867C-F228B63F706B}.Release|x64.Build.0 = Release|x64
		{B895CB74-9CEE-4F88-867C-F228B63F706B}.Release|x64.Deploy.0 = Release|x64
		{B895CB74-9CEE-4F88-867C-F228B63F706B}.Release|x86.ActiveCfg = Release|x86
		{B895CB74-9CEE-4F88-867C-F228B63F706B}.Release|x86.Build.0 = Release|x86
		{B895CB74-9CEE-4F88-867C-F228B63F706B}.Release|x86.Deploy.0 = Release|x86
		{BCB9F442-C8BC-4222-97B7-7EE8900CE97E}.Debug|Any CPU.ActiveCfg = Debug|Any CPU
		{BCB9F442-C8BC-4222-97B7-7EE8900CE97E}.Debug|Any CPU.Build.0 = Debug|Any CPU
		{BCB9F442-C8BC-4222-97B7-7EE8900CE97E}.Debug|Any CPU.Deploy.0 = Debug|Any CPU
		{BCB9F442-C8BC-4222-97B7-7EE8900CE97E}.Debug|ARM.ActiveCfg = Debug|ARM
		{BCB9F442-C8BC-4222-97B7-7EE8900CE97E}.Debug|ARM.Build.0 = Debug|ARM
		{BCB9F442-C8BC-4222-97B7-7EE8900CE97E}.Debug|ARM.Deploy.0 = Debug|ARM
		{BCB9F442-C8BC-4222-97B7-7EE8900CE97E}.Debug|x64.ActiveCfg = Debug|Any CPU
		{BCB9F442-C8BC-4222-97B7-7EE8900CE97E}.Debug|x86.ActiveCfg = Debug|x86
		{BCB9F442-C8BC-4222-97B7-7EE8900CE97E}.Debug|x86.Build.0 = Debug|x86
		{BCB9F442-C8BC-4222-97B7-7EE8900CE97E}.Debug|x86.Deploy.0 = Debug|x86
		{BCB9F442-C8BC-4222-97B7-7EE8900CE97E}.Release|Any CPU.ActiveCfg = Release|Any CPU
		{BCB9F442-C8BC-4222-97B7-7EE8900CE97E}.Release|Any CPU.Build.0 = Release|Any CPU
		{BCB9F442-C8BC-4222-97B7-7EE8900CE97E}.Release|Any CPU.Deploy.0 = Release|Any CPU
		{BCB9F442-C8BC-4222-97B7-7EE8900CE97E}.Release|ARM.ActiveCfg = Release|ARM
		{BCB9F442-C8BC-4222-97B7-7EE8900CE97E}.Release|ARM.Build.0 = Release|ARM
		{BCB9F442-C8BC-4222-97B7-7EE8900CE97E}.Release|ARM.Deploy.0 = Release|ARM
		{BCB9F442-C8BC-4222-97B7-7EE8900CE97E}.Release|x64.ActiveCfg = Release|Any CPU
		{BCB9F442-C8BC-4222-97B7-7EE8900CE97E}.Release|x86.ActiveCfg = Release|x86
		{BCB9F442-C8BC-4222-97B7-7EE8900CE97E}.Release|x86.Build.0 = Release|x86
		{BCB9F442-C8BC-4222-97B7-7EE8900CE97E}.Release|x86.Deploy.0 = Release|x86
	EndGlobalSection
	GlobalSection(SolutionProperties) = preSolution
		HideSolutionNode = FALSE
	EndGlobalSection
	GlobalSection(NestedProjects) = preSolution
		{D9E1F6A9-FED0-4925-9936-FC0DC445232B} = {BA0F6426-1167-4D3B-B4E6-30D24584D351}
		{B895CB74-9CEE-4F88-867C-F228B63F706B} = {BA0F6426-1167-4D3B-B4E6-30D24584D351}
		{BCB9F442-C8BC-4222-97B7-7EE8900CE97E} = {BA0F6426-1167-4D3B-B4E6-30D24584D351}
	EndGlobalSection
EndGlobal
